
Microsoft Visual Studio Solution File, Format Version 12.00
# Visual Studio Version 16
VisualStudioVersion = 16.0.29102.190
MinimumVisualStudioVersion = 10.0.40219.1
Project("{FAE04EC0-301F-11D3-BF4B-00C04F79EFBC}") = "MathOperations", "Math Operations\MathOperations.csproj", "{4D74CA42-EC56-446F-A32B-8E3238917E8D}"
EndProject
Project("{FAE04EC0-301F-11D3-BF4B-00C04F79EFBC}") = "Animals", "Animals\Animals.csproj", "{50CE1580-E8BD-4682-845D-33AA12F754FB}"
EndProject
Project("{FAE04EC0-301F-11D3-BF4B-00C04F79EFBC}") = "Shapes", "Shapes\Shapes.csproj", "{2533070B-EF21-4DC5-B95D-2E177CAA84EC}"
EndProject
Project("{FAE04EC0-301F-11D3-BF4B-00C04F79EFBC}") = "Vehicles", "Vehicles\Vehicles.csproj", "{BD095827-B827-40D4-814C-BE27225E0F6E}"
EndProject
Project("{9A19103F-16F7-4668-BE54-9A1E7A4F7556}") = "VehiclesExtension", "Vehicles Extension\VehiclesExtension.csproj", "{1345E298-8057-426F-9D54-19687AAE1FF4}"
EndProject
Global
	GlobalSection(SolutionConfigurationPlatforms) = preSolution
		Debug|Any CPU = Debug|Any CPU
		Release|Any CPU = Release|Any CPU
	EndGlobalSection
	GlobalSection(ProjectConfigurationPlatforms) = postSolution
		{4D74CA42-EC56-446F-A32B-8E3238917E8D}.Debug|Any CPU.ActiveCfg = Debug|Any CPU
		{4D74CA42-EC56-446F-A32B-8E3238917E8D}.Debug|Any CPU.Build.0 = Debug|Any CPU
		{4D74CA42-EC56-446F-A32B-8E3238917E8D}.Release|Any CPU.ActiveCfg = Release|Any CPU
		{4D74CA42-EC56-446F-A32B-8E3238917E8D}.Release|Any CPU.Build.0 = Release|Any CPU
		{50CE1580-E8BD-4682-845D-33AA12F754FB}.Debug|Any CPU.ActiveCfg = Debug|Any CPU
		{50CE1580-E8BD-4682-845D-33AA12F754FB}.Debug|Any CPU.Build.0 = Debug|Any CPU
		{50CE1580-E8BD-4682-845D-33AA12F754FB}.Release|Any CPU.ActiveCfg = Release|Any CPU
		{50CE1580-E8BD-4682-845D-33AA12F754FB}.Release|Any CPU.Build.0 = Release|Any CPU
		{2533070B-EF21-4DC5-B95D-2E177CAA84EC}.Debug|Any CPU.ActiveCfg = Debug|Any CPU
		{2533070B-EF21-4DC5-B95D-2E177CAA84EC}.Debug|Any CPU.Build.0 = Debug|Any CPU
		{2533070B-EF21-4DC5-B95D-2E177CAA84EC}.Release|Any CPU.ActiveCfg = Release|Any CPU
		{2533070B-EF21-4DC5-B95D-2E177CAA84EC}.Release|Any CPU.Build.0 = Release|Any CPU
		{BD095827-B827-40D4-814C-BE27225E0F6E}.Debug|Any CPU.ActiveCfg = Debug|Any CPU
		{BD095827-B827-40D4-814C-BE27225E0F6E}.Debug|Any CPU.Build.0 = Debug|Any CPU
		{BD095827-B827-40D4-814C-BE27225E0F6E}.Release|Any CPU.ActiveCfg = Release|Any CPU
		{BD095827-B827-40D4-814C-BE27225E0F6E}.Release|Any CPU.Build.0 = Release|Any CPU
		{1345E298-8057-426F-9D54-19687AAE1FF4}.Debug|Any CPU.ActiveCfg = Debug|Any CPU
		{1345E298-8057-426F-9D54-19687AAE1FF4}.Debug|Any CPU.Build.0 = Debug|Any CPU
		{1345E298-8057-426F-9D54-19687AAE1FF4}.Release|Any CPU.ActiveCfg = Release|Any CPU
		{1345E298-8057-426F-9D54-19687AAE1FF4}.Release|Any CPU.Build.0 = Release|Any CPU
	EndGlobalSection
	GlobalSection(SolutionProperties) = preSolution
		HideSolutionNode = FALSE
	EndGlobalSection
	GlobalSection(ExtensibilityGlobals) = postSolution
		SolutionGuid = {83CD4827-D243-4192-BF4F-EC93A147C103}
	EndGlobalSection
EndGlobal
