
Microsoft Visual Studio Solution File, Format Version 12.00
# Visual Studio Version 16
VisualStudioVersion = 16.0.29503.13
MinimumVisualStudioVersion = 10.0.40219.1
Project("{9A19103F-16F7-4668-BE54-9A1E7A4F7556}") = "Cinema", "Cinema\Cinema\Cinema.csproj", "{1647BC20-50A9-4FFA-A81A-2850A3087C90}"
EndProject
Global
	GlobalSection(SolutionConfigurationPlatforms) = preSolution
		Debug|Any CPU = Debug|Any CPU
		Release|Any CPU = Release|Any CPU
	EndGlobalSection
	GlobalSection(ProjectConfigurationPlatforms) = postSolution
		{1647BC20-50A9-4FFA-A81A-2850A3087C90}.Debug|Any CPU.ActiveCfg = Debug|Any CPU
		{1647BC20-50A9-4FFA-A81A-2850A3087C90}.Debug|Any CPU.Build.0 = Debug|Any CPU
		{1647BC20-50A9-4FFA-A81A-2850A3087C90}.Release|Any CPU.ActiveCfg = Release|Any CPU
		{1647BC20-50A9-4FFA-A81A-2850A3087C90}.Release|Any CPU.Build.0 = Release|Any CPU
	EndGlobalSection
	GlobalSection(SolutionProperties) = preSolution
		HideSolutionNode = FALSE
	EndGlobalSection
	GlobalSection(ExtensibilityGlobals) = postSolution
		SolutionGuid = {E5D1B944-067E-414D-8C44-1067163A9D2E}
	EndGlobalSection
EndGlobal
