
Microsoft Visual Studio Solution File, Format Version 12.00
# Visual Studio Version 16
VisualStudioVersion = 16.0.29123.88
MinimumVisualStudioVersion = 10.0.40219.1
Project("{2150E333-8FDC-42A3-9474-1A3956D46DE8}") = "Structure", "Structure", "{D9B27F0A-80CB-4E18-A5BF-8B503B184C79}"
EndProject
Project("{2150E333-8FDC-42A3-9474-1A3956D46DE8}") = "Business Logic", "Business Logic", "{4E06663E-8283-4B59-9A6D-CF8C0D775E46}"
EndProject
Project("{2150E333-8FDC-42A3-9474-1A3956D46DE8}") = "Unit Testing", "Unit Testing", "{6B9D6045-83E9-461C-AFC6-1A07064BFD2B}"
EndProject
Project("{9A19103F-16F7-4668-BE54-9A1E7A4F7556}") = "ViceCity", "Structure\Project-Skeleton\ViceCity\ViceCity.csproj", "{A727E7DF-F7A5-416F-BE22-14052DE343FD}"
EndProject
Project("{9A19103F-16F7-4668-BE54-9A1E7A4F7556}") = "BlueOrigin", "Unit Testing\BlueOrigin\BlueOrigin.csproj", "{7B423833-65C4-4651-99AC-03619518058D}"
EndProject
Project("{9A19103F-16F7-4668-BE54-9A1E7A4F7556}") = "BlueOrigin.Tests", "Unit Testing\BlueOrigin.Tests\BlueOrigin.Tests.csproj", "{7762DBAA-06AA-4C0C-9B48-B3CABBFB756F}"
EndProject
Project("{9A19103F-16F7-4668-BE54-9A1E7A4F7556}") = "ViceCity", "Business Logic\ViceCity\ViceCity.csproj", "{D40B285C-421B-47E9-AF3C-0E7B7E0CD815}"
EndProject
Global
	GlobalSection(SolutionConfigurationPlatforms) = preSolution
		Debug|Any CPU = Debug|Any CPU
		Release|Any CPU = Release|Any CPU
	EndGlobalSection
	GlobalSection(ProjectConfigurationPlatforms) = postSolution
		{A727E7DF-F7A5-416F-BE22-14052DE343FD}.Debug|Any CPU.ActiveCfg = Debug|Any CPU
		{A727E7DF-F7A5-416F-BE22-14052DE343FD}.Debug|Any CPU.Build.0 = Debug|Any CPU
		{A727E7DF-F7A5-416F-BE22-14052DE343FD}.Release|Any CPU.ActiveCfg = Release|Any CPU
		{A727E7DF-F7A5-416F-BE22-14052DE343FD}.Release|Any CPU.Build.0 = Release|Any CPU
		{7B423833-65C4-4651-99AC-03619518058D}.Debug|Any CPU.ActiveCfg = Debug|Any CPU
		{7B423833-65C4-4651-99AC-03619518058D}.Debug|Any CPU.Build.0 = Debug|Any CPU
		{7B423833-65C4-4651-99AC-03619518058D}.Release|Any CPU.ActiveCfg = Release|Any CPU
		{7B423833-65C4-4651-99AC-03619518058D}.Release|Any CPU.Build.0 = Release|Any CPU
		{7762DBAA-06AA-4C0C-9B48-B3CABBFB756F}.Debug|Any CPU.ActiveCfg = Debug|Any CPU
		{7762DBAA-06AA-4C0C-9B48-B3CABBFB756F}.Debug|Any CPU.Build.0 = Debug|Any CPU
		{7762DBAA-06AA-4C0C-9B48-B3CABBFB756F}.Release|Any CPU.ActiveCfg = Release|Any CPU
		{7762DBAA-06AA-4C0C-9B48-B3CABBFB756F}.Release|Any CPU.Build.0 = Release|Any CPU
		{D40B285C-421B-47E9-AF3C-0E7B7E0CD815}.Debug|Any CPU.ActiveCfg = Debug|Any CPU
		{D40B285C-421B-47E9-AF3C-0E7B7E0CD815}.Debug|Any CPU.Build.0 = Debug|Any CPU
		{D40B285C-421B-47E9-AF3C-0E7B7E0CD815}.Release|Any CPU.ActiveCfg = Release|Any CPU
		{D40B285C-421B-47E9-AF3C-0E7B7E0CD815}.Release|Any CPU.Build.0 = Release|Any CPU
	EndGlobalSection
	GlobalSection(SolutionProperties) = preSolution
		HideSolutionNode = FALSE
	EndGlobalSection
	GlobalSection(NestedProjects) = preSolution
		{A727E7DF-F7A5-416F-BE22-14052DE343FD} = {D9B27F0A-80CB-4E18-A5BF-8B503B184C79}
		{7B423833-65C4-4651-99AC-03619518058D} = {6B9D6045-83E9-461C-AFC6-1A07064BFD2B}
		{7762DBAA-06AA-4C0C-9B48-B3CABBFB756F} = {6B9D6045-83E9-461C-AFC6-1A07064BFD2B}
		{D40B285C-421B-47E9-AF3C-0E7B7E0CD815} = {4E06663E-8283-4B59-9A6D-CF8C0D775E46}
	EndGlobalSection
	GlobalSection(ExtensibilityGlobals) = postSolution
		SolutionGuid = {B9528B16-201A-4D5A-9D80-904D0656421E}
	EndGlobalSection
EndGlobal
