
Microsoft Visual Studio Solution File, Format Version 12.00
# Visual Studio Version 16
VisualStudioVersion = 16.0.29424.173
MinimumVisualStudioVersion = 10.0.40219.1
Project("{FAE04EC0-301F-11D3-BF4B-00C04F79EFBC}") = "Hospital Database", "Hospital Database\Hospital Database.csproj", "{6A930731-A384-4160-891C-49629BB53A25}"
EndProject
Global
	GlobalSection(SolutionConfigurationPlatforms) = preSolution
		Debug|Any CPU = Debug|Any CPU
		Release|Any CPU = Release|Any CPU
	EndGlobalSection
	GlobalSection(ProjectConfigurationPlatforms) = postSolution
		{6A930731-A384-4160-891C-49629BB53A25}.Debug|Any CPU.ActiveCfg = Debug|Any CPU
		{6A930731-A384-4160-891C-49629BB53A25}.Debug|Any CPU.Build.0 = Debug|Any CPU
		{6A930731-A384-4160-891C-49629BB53A25}.Release|Any CPU.ActiveCfg = Release|Any CPU
		{6A930731-A384-4160-891C-49629BB53A25}.Release|Any CPU.Build.0 = Release|Any CPU
	EndGlobalSection
	GlobalSection(SolutionProperties) = preSolution
		HideSolutionNode = FALSE
	EndGlobalSection
	GlobalSection(ExtensibilityGlobals) = postSolution
		SolutionGuid = {B17E37BA-9BB5-4EBE-8183-71F36508AD5C}
	EndGlobalSection
EndGlobal
