
Microsoft Visual Studio Solution File, Format Version 12.00
# Visual Studio Version 16
VisualStudioVersion = 16.0.29123.88
MinimumVisualStudioVersion = 10.0.40219.1
Project("{2150E333-8FDC-42A3-9474-1A3956D46DE8}") = "Structure", "Structure", "{1792F59A-1D92-4254-A2A5-6B203B84EF8B}"
EndProject
Project("{2150E333-8FDC-42A3-9474-1A3956D46DE8}") = "Business Logic", "Business Logic", "{0620C2A6-2062-4945-8E44-C4DCDDBDE84F}"
EndProject
Project("{2150E333-8FDC-42A3-9474-1A3956D46DE8}") = "Unit Testing", "Unit Testing", "{2E3B6E94-D03A-4150-B034-CB53E29B14BE}"
EndProject
Project("{9A19103F-16F7-4668-BE54-9A1E7A4F7556}") = "MXGP", "Structure\MXGP\MXGP.csproj", "{4EB056AB-7A65-4F1E-9116-4BAC315703D5}"
EndProject
Project("{9A19103F-16F7-4668-BE54-9A1E7A4F7556}") = "TheRace", "Unit Testing\TheRace\TheRace.csproj", "{A5D39C2F-541B-4FE4-86FF-DA2BB1415FB4}"
EndProject
Project("{9A19103F-16F7-4668-BE54-9A1E7A4F7556}") = "TheRace.Tests", "Unit Testing\TheRace.Tests\TheRace.Tests.csproj", "{FB138A0D-6178-45A5-9DED-FFDEC90083E4}"
EndProject
Project("{9A19103F-16F7-4668-BE54-9A1E7A4F7556}") = "MXGP", "Business Logic\MXGP\MXGP.csproj", "{285FBD2F-081A-49BF-AE0A-8B55855AB392}"
EndProject
Global
	GlobalSection(SolutionConfigurationPlatforms) = preSolution
		Debug|Any CPU = Debug|Any CPU
		Release|Any CPU = Release|Any CPU
	EndGlobalSection
	GlobalSection(ProjectConfigurationPlatforms) = postSolution
		{4EB056AB-7A65-4F1E-9116-4BAC315703D5}.Debug|Any CPU.ActiveCfg = Debug|Any CPU
		{4EB056AB-7A65-4F1E-9116-4BAC315703D5}.Debug|Any CPU.Build.0 = Debug|Any CPU
		{4EB056AB-7A65-4F1E-9116-4BAC315703D5}.Release|Any CPU.ActiveCfg = Release|Any CPU
		{4EB056AB-7A65-4F1E-9116-4BAC315703D5}.Release|Any CPU.Build.0 = Release|Any CPU
		{A5D39C2F-541B-4FE4-86FF-DA2BB1415FB4}.Debug|Any CPU.ActiveCfg = Debug|Any CPU
		{A5D39C2F-541B-4FE4-86FF-DA2BB1415FB4}.Debug|Any CPU.Build.0 = Debug|Any CPU
		{A5D39C2F-541B-4FE4-86FF-DA2BB1415FB4}.Release|Any CPU.ActiveCfg = Release|Any CPU
		{A5D39C2F-541B-4FE4-86FF-DA2BB1415FB4}.Release|Any CPU.Build.0 = Release|Any CPU
		{FB138A0D-6178-45A5-9DED-FFDEC90083E4}.Debug|Any CPU.ActiveCfg = Debug|Any CPU
		{FB138A0D-6178-45A5-9DED-FFDEC90083E4}.Debug|Any CPU.Build.0 = Debug|Any CPU
		{FB138A0D-6178-45A5-9DED-FFDEC90083E4}.Release|Any CPU.ActiveCfg = Release|Any CPU
		{FB138A0D-6178-45A5-9DED-FFDEC90083E4}.Release|Any CPU.Build.0 = Release|Any CPU
		{285FBD2F-081A-49BF-AE0A-8B55855AB392}.Debug|Any CPU.ActiveCfg = Debug|Any CPU
		{285FBD2F-081A-49BF-AE0A-8B55855AB392}.Debug|Any CPU.Build.0 = Debug|Any CPU
		{285FBD2F-081A-49BF-AE0A-8B55855AB392}.Release|Any CPU.ActiveCfg = Release|Any CPU
		{285FBD2F-081A-49BF-AE0A-8B55855AB392}.Release|Any CPU.Build.0 = Release|Any CPU
	EndGlobalSection
	GlobalSection(SolutionProperties) = preSolution
		HideSolutionNode = FALSE
	EndGlobalSection
	GlobalSection(NestedProjects) = preSolution
		{4EB056AB-7A65-4F1E-9116-4BAC315703D5} = {1792F59A-1D92-4254-A2A5-6B203B84EF8B}
		{A5D39C2F-541B-4FE4-86FF-DA2BB1415FB4} = {2E3B6E94-D03A-4150-B034-CB53E29B14BE}
		{FB138A0D-6178-45A5-9DED-FFDEC90083E4} = {2E3B6E94-D03A-4150-B034-CB53E29B14BE}
		{285FBD2F-081A-49BF-AE0A-8B55855AB392} = {0620C2A6-2062-4945-8E44-C4DCDDBDE84F}
	EndGlobalSection
	GlobalSection(ExtensibilityGlobals) = postSolution
		SolutionGuid = {387E770C-204C-4BF9-A24B-C37D90001ABA}
	EndGlobalSection
EndGlobal
