
Microsoft Visual Studio Solution File, Format Version 12.00
# Visual Studio Version 16
VisualStudioVersion = 16.0.28922.388
MinimumVisualStudioVersion = 10.0.40219.1
Project("{9A19103F-16F7-4668-BE54-9A1E7A4F7556}") = "DefineClassPerson", "Define a Class Person\DefineClassPerson.csproj", "{0722AE2E-7EE9-4243-BED1-112085B2FD8B}"
EndProject
Project("{FAE04EC0-301F-11D3-BF4B-00C04F79EFBC}") = "DateModifier", "Data Modifier\DateModifier.csproj", "{3957DBC8-B620-4390-B6AC-715307F57825}"
EndProject
Project("{FAE04EC0-301F-11D3-BF4B-00C04F79EFBC}") = "SpeedRacing", "Speed Racing\SpeedRacing.csproj", "{0F257D01-B9A8-4786-B694-0E9EE0BAA34B}"
EndProject
Global
	GlobalSection(SolutionConfigurationPlatforms) = preSolution
		Debug|Any CPU = Debug|Any CPU
		Release|Any CPU = Release|Any CPU
	EndGlobalSection
	GlobalSection(ProjectConfigurationPlatforms) = postSolution
		{0722AE2E-7EE9-4243-BED1-112085B2FD8B}.Debug|Any CPU.ActiveCfg = Debug|Any CPU
		{0722AE2E-7EE9-4243-BED1-112085B2FD8B}.Debug|Any CPU.Build.0 = Debug|Any CPU
		{0722AE2E-7EE9-4243-BED1-112085B2FD8B}.Release|Any CPU.ActiveCfg = Release|Any CPU
		{0722AE2E-7EE9-4243-BED1-112085B2FD8B}.Release|Any CPU.Build.0 = Release|Any CPU
		{3957DBC8-B620-4390-B6AC-715307F57825}.Debug|Any CPU.ActiveCfg = Debug|Any CPU
		{3957DBC8-B620-4390-B6AC-715307F57825}.Debug|Any CPU.Build.0 = Debug|Any CPU
		{3957DBC8-B620-4390-B6AC-715307F57825}.Release|Any CPU.ActiveCfg = Release|Any CPU
		{3957DBC8-B620-4390-B6AC-715307F57825}.Release|Any CPU.Build.0 = Release|Any CPU
		{0F257D01-B9A8-4786-B694-0E9EE0BAA34B}.Debug|Any CPU.ActiveCfg = Debug|Any CPU
		{0F257D01-B9A8-4786-B694-0E9EE0BAA34B}.Debug|Any CPU.Build.0 = Debug|Any CPU
		{0F257D01-B9A8-4786-B694-0E9EE0BAA34B}.Release|Any CPU.ActiveCfg = Release|Any CPU
		{0F257D01-B9A8-4786-B694-0E9EE0BAA34B}.Release|Any CPU.Build.0 = Release|Any CPU
	EndGlobalSection
	GlobalSection(SolutionProperties) = preSolution
		HideSolutionNode = FALSE
	EndGlobalSection
	GlobalSection(ExtensibilityGlobals) = postSolution
		SolutionGuid = {10B38B98-DC61-460F-B63E-741FDE8E7266}
	EndGlobalSection
EndGlobal
