
Microsoft Visual Studio Solution File, Format Version 12.00
# Visual Studio Version 16
VisualStudioVersion = 16.0.29503.13
MinimumVisualStudioVersion = 10.0.40219.1
Project("{9A19103F-16F7-4668-BE54-9A1E7A4F7556}") = "01.Prototype", "01. Prototype\01.Prototype.csproj", "{82107F72-3433-4C3D-A447-6E1433A74F32}"
EndProject
Project("{9A19103F-16F7-4668-BE54-9A1E7A4F7556}") = "02. Composite", "02. Composite\02. Composite.csproj", "{145A98F6-1F9F-4EFE-8A13-9504C2E8429E}"
EndProject
Project("{9A19103F-16F7-4668-BE54-9A1E7A4F7556}") = "03. TemplatePattern", "03. TemplatePattern\03. TemplatePattern.csproj", "{4D52AC7D-9A56-4A46-9954-BAFEC25962D0}"
EndProject
Global
	GlobalSection(SolutionConfigurationPlatforms) = preSolution
		Debug|Any CPU = Debug|Any CPU
		Release|Any CPU = Release|Any CPU
	EndGlobalSection
	GlobalSection(ProjectConfigurationPlatforms) = postSolution
		{82107F72-3433-4C3D-A447-6E1433A74F32}.Debug|Any CPU.ActiveCfg = Debug|Any CPU
		{82107F72-3433-4C3D-A447-6E1433A74F32}.Debug|Any CPU.Build.0 = Debug|Any CPU
		{82107F72-3433-4C3D-A447-6E1433A74F32}.Release|Any CPU.ActiveCfg = Release|Any CPU
		{82107F72-3433-4C3D-A447-6E1433A74F32}.Release|Any CPU.Build.0 = Release|Any CPU
		{145A98F6-1F9F-4EFE-8A13-9504C2E8429E}.Debug|Any CPU.ActiveCfg = Debug|Any CPU
		{145A98F6-1F9F-4EFE-8A13-9504C2E8429E}.Debug|Any CPU.Build.0 = Debug|Any CPU
		{145A98F6-1F9F-4EFE-8A13-9504C2E8429E}.Release|Any CPU.ActiveCfg = Release|Any CPU
		{145A98F6-1F9F-4EFE-8A13-9504C2E8429E}.Release|Any CPU.Build.0 = Release|Any CPU
		{4D52AC7D-9A56-4A46-9954-BAFEC25962D0}.Debug|Any CPU.ActiveCfg = Debug|Any CPU
		{4D52AC7D-9A56-4A46-9954-BAFEC25962D0}.Debug|Any CPU.Build.0 = Debug|Any CPU
		{4D52AC7D-9A56-4A46-9954-BAFEC25962D0}.Release|Any CPU.ActiveCfg = Release|Any CPU
		{4D52AC7D-9A56-4A46-9954-BAFEC25962D0}.Release|Any CPU.Build.0 = Release|Any CPU
	EndGlobalSection
	GlobalSection(SolutionProperties) = preSolution
		HideSolutionNode = FALSE
	EndGlobalSection
	GlobalSection(ExtensibilityGlobals) = postSolution
		SolutionGuid = {BF3DECAF-0D67-4E28-89C4-4B35684BF366}
	EndGlobalSection
EndGlobal
