
Microsoft Visual Studio Solution File, Format Version 12.00
# Visual Studio Version 16
VisualStudioVersion = 16.0.29102.190
MinimumVisualStudioVersion = 10.0.40219.1
Project("{9A19103F-16F7-4668-BE54-9A1E7A4F7556}") = "LabSkeleton", "LabSkeleton\Skeleton\LabSkeleton.csproj", "{F25F9232-E6EC-4DA2-BF71-348F9EEA101B}"
EndProject
Project("{9A19103F-16F7-4668-BE54-9A1E7A4F7556}") = "LabSkeleton.Tests", "LabSkeleton.Tests\LabSkeleton.Tests.csproj", "{554F7C3B-E976-4956-86A6-191D12536425}"
EndProject
Global
	GlobalSection(SolutionConfigurationPlatforms) = preSolution
		Debug|Any CPU = Debug|Any CPU
		Release|Any CPU = Release|Any CPU
	EndGlobalSection
	GlobalSection(ProjectConfigurationPlatforms) = postSolution
		{F25F9232-E6EC-4DA2-BF71-348F9EEA101B}.Debug|Any CPU.ActiveCfg = Debug|Any CPU
		{F25F9232-E6EC-4DA2-BF71-348F9EEA101B}.Debug|Any CPU.Build.0 = Debug|Any CPU
		{F25F9232-E6EC-4DA2-BF71-348F9EEA101B}.Release|Any CPU.ActiveCfg = Release|Any CPU
		{F25F9232-E6EC-4DA2-BF71-348F9EEA101B}.Release|Any CPU.Build.0 = Release|Any CPU
		{554F7C3B-E976-4956-86A6-191D12536425}.Debug|Any CPU.ActiveCfg = Debug|Any CPU
		{554F7C3B-E976-4956-86A6-191D12536425}.Debug|Any CPU.Build.0 = Debug|Any CPU
		{554F7C3B-E976-4956-86A6-191D12536425}.Release|Any CPU.ActiveCfg = Release|Any CPU
		{554F7C3B-E976-4956-86A6-191D12536425}.Release|Any CPU.Build.0 = Release|Any CPU
	EndGlobalSection
	GlobalSection(SolutionProperties) = preSolution
		HideSolutionNode = FALSE
	EndGlobalSection
	GlobalSection(ExtensibilityGlobals) = postSolution
		SolutionGuid = {29798DF9-A3DD-446D-B8BA-CBC82267E63A}
	EndGlobalSection
EndGlobal
