
Microsoft Visual Studio Solution File, Format Version 12.00
# Visual Studio Version 16
VisualStudioVersion = 16.0.29102.190
MinimumVisualStudioVersion = 10.0.40219.1
Project("{2150E333-8FDC-42A3-9474-1A3956D46DE8}") = "Lab", "Lab", "{4AF8C2FC-EAB8-4DBF-845C-22A031F8743D}"
EndProject
Project("{2150E333-8FDC-42A3-9474-1A3956D46DE8}") = "Exercise", "Exercise", "{090F2AA1-F90B-4085-8D51-FDDF1C1368B2}"
EndProject
Project("{9A19103F-16F7-4668-BE54-9A1E7A4F7556}") = "LabSkeleton", "Lab\LabSkeleton\Skeleton\LabSkeleton.csproj", "{A78B2AEE-1070-4096-8DF3-46338573F665}"
EndProject
Project("{9A19103F-16F7-4668-BE54-9A1E7A4F7556}") = "LabSkeleton.Tests", "Lab\LabSkeleton.Tests\LabSkeleton.Tests.csproj", "{CF5D3117-D883-4D75-9596-02F2D4130635}"
EndProject
Project("{9A19103F-16F7-4668-BE54-9A1E7A4F7556}") = "Database", "Exercise\Database\Database\Database.csproj", "{FE536675-AB91-45AE-A730-56F9F7C58BAD}"
EndProject
Project("{9A19103F-16F7-4668-BE54-9A1E7A4F7556}") = "Database.Tests", "Exercise\Database\Database.Tests\Database.Tests.csproj", "{6BFE44DA-4F46-4AE0-BD5F-056508C745DA}"
EndProject
Project("{2150E333-8FDC-42A3-9474-1A3956D46DE8}") = "Database", "Database", "{ED738CD2-B4D8-491E-AA39-75F312DDB7A7}"
EndProject
Project("{2150E333-8FDC-42A3-9474-1A3956D46DE8}") = "Extended Database", "Extended Database", "{5C5540F1-47D3-4224-A8D8-B2726E3ADC40}"
EndProject
Project("{9A19103F-16F7-4668-BE54-9A1E7A4F7556}") = "DatabaseExtended", "Exercise\Extended Database\DatabaseExtended\DatabaseExtended.csproj", "{CA8894F4-5F94-49A6-8CB0-891676082FA1}"
EndProject
Project("{9A19103F-16F7-4668-BE54-9A1E7A4F7556}") = "DatabaseExtended.Tests", "Exercise\Extended Database\DatabaseExtended.Tests\DatabaseExtended.Tests.csproj", "{A7EE83A6-645E-4A8F-89DC-C22D578E9260}"
EndProject
Project("{2150E333-8FDC-42A3-9474-1A3956D46DE8}") = "CarManager", "CarManager", "{7A87690E-F57F-475F-BE3C-EF79AA582ECA}"
EndProject
Project("{9A19103F-16F7-4668-BE54-9A1E7A4F7556}") = "CarManager", "Exercise\Car Manager\CarManager\CarManager.csproj", "{A1C08E7A-1C70-474D-99E8-839F28819305}"
EndProject
Project("{9A19103F-16F7-4668-BE54-9A1E7A4F7556}") = "CarManager.Tests", "Exercise\Car Manager\CarManager.Tests\CarManager.Tests.csproj", "{2DD95F2C-92BC-43DD-B2DD-C6A6286BF25F}"
EndProject
Project("{2150E333-8FDC-42A3-9474-1A3956D46DE8}") = "Fighting Arena", "Fighting Arena", "{C0A1CFF7-A467-4964-BD5E-F322086925C8}"
EndProject
Project("{9A19103F-16F7-4668-BE54-9A1E7A4F7556}") = "FightingArena", "Exercise\Fighting Arena\FightingArena\FightingArena.csproj", "{7B63B814-2974-425E-9CAC-821B54F85603}"
EndProject
Project("{9A19103F-16F7-4668-BE54-9A1E7A4F7556}") = "FightingArena.Tests", "Exercise\Fighting Arena\FightingArena.Tests\FightingArena.Tests.csproj", "{98D7740A-172C-4025-9953-E7323652FD47}"
EndProject
Global
	GlobalSection(SolutionConfigurationPlatforms) = preSolution
		Debug|Any CPU = Debug|Any CPU
		Release|Any CPU = Release|Any CPU
	EndGlobalSection
	GlobalSection(ProjectConfigurationPlatforms) = postSolution
		{A78B2AEE-1070-4096-8DF3-46338573F665}.Debug|Any CPU.ActiveCfg = Debug|Any CPU
		{A78B2AEE-1070-4096-8DF3-46338573F665}.Debug|Any CPU.Build.0 = Debug|Any CPU
		{A78B2AEE-1070-4096-8DF3-46338573F665}.Release|Any CPU.ActiveCfg = Release|Any CPU
		{A78B2AEE-1070-4096-8DF3-46338573F665}.Release|Any CPU.Build.0 = Release|Any CPU
		{CF5D3117-D883-4D75-9596-02F2D4130635}.Debug|Any CPU.ActiveCfg = Debug|Any CPU
		{CF5D3117-D883-4D75-9596-02F2D4130635}.Debug|Any CPU.Build.0 = Debug|Any CPU
		{CF5D3117-D883-4D75-9596-02F2D4130635}.Release|Any CPU.ActiveCfg = Release|Any CPU
		{CF5D3117-D883-4D75-9596-02F2D4130635}.Release|Any CPU.Build.0 = Release|Any CPU
		{FE536675-AB91-45AE-A730-56F9F7C58BAD}.Debug|Any CPU.ActiveCfg = Debug|Any CPU
		{FE536675-AB91-45AE-A730-56F9F7C58BAD}.Debug|Any CPU.Build.0 = Debug|Any CPU
		{FE536675-AB91-45AE-A730-56F9F7C58BAD}.Release|Any CPU.ActiveCfg = Release|Any CPU
		{FE536675-AB91-45AE-A730-56F9F7C58BAD}.Release|Any CPU.Build.0 = Release|Any CPU
		{6BFE44DA-4F46-4AE0-BD5F-056508C745DA}.Debug|Any CPU.ActiveCfg = Debug|Any CPU
		{6BFE44DA-4F46-4AE0-BD5F-056508C745DA}.Debug|Any CPU.Build.0 = Debug|Any CPU
		{6BFE44DA-4F46-4AE0-BD5F-056508C745DA}.Release|Any CPU.ActiveCfg = Release|Any CPU
		{6BFE44DA-4F46-4AE0-BD5F-056508C745DA}.Release|Any CPU.Build.0 = Release|Any CPU
		{CA8894F4-5F94-49A6-8CB0-891676082FA1}.Debug|Any CPU.ActiveCfg = Debug|Any CPU
		{CA8894F4-5F94-49A6-8CB0-891676082FA1}.Debug|Any CPU.Build.0 = Debug|Any CPU
		{CA8894F4-5F94-49A6-8CB0-891676082FA1}.Release|Any CPU.ActiveCfg = Release|Any CPU
		{CA8894F4-5F94-49A6-8CB0-891676082FA1}.Release|Any CPU.Build.0 = Release|Any CPU
		{A7EE83A6-645E-4A8F-89DC-C22D578E9260}.Debug|Any CPU.ActiveCfg = Debug|Any CPU
		{A7EE83A6-645E-4A8F-89DC-C22D578E9260}.Debug|Any CPU.Build.0 = Debug|Any CPU
		{A7EE83A6-645E-4A8F-89DC-C22D578E9260}.Release|Any CPU.ActiveCfg = Release|Any CPU
		{A7EE83A6-645E-4A8F-89DC-C22D578E9260}.Release|Any CPU.Build.0 = Release|Any CPU
		{A1C08E7A-1C70-474D-99E8-839F28819305}.Debug|Any CPU.ActiveCfg = Debug|Any CPU
		{A1C08E7A-1C70-474D-99E8-839F28819305}.Debug|Any CPU.Build.0 = Debug|Any CPU
		{A1C08E7A-1C70-474D-99E8-839F28819305}.Release|Any CPU.ActiveCfg = Release|Any CPU
		{A1C08E7A-1C70-474D-99E8-839F28819305}.Release|Any CPU.Build.0 = Release|Any CPU
		{2DD95F2C-92BC-43DD-B2DD-C6A6286BF25F}.Debug|Any CPU.ActiveCfg = Debug|Any CPU
		{2DD95F2C-92BC-43DD-B2DD-C6A6286BF25F}.Debug|Any CPU.Build.0 = Debug|Any CPU
		{2DD95F2C-92BC-43DD-B2DD-C6A6286BF25F}.Release|Any CPU.ActiveCfg = Release|Any CPU
		{2DD95F2C-92BC-43DD-B2DD-C6A6286BF25F}.Release|Any CPU.Build.0 = Release|Any CPU
		{7B63B814-2974-425E-9CAC-821B54F85603}.Debug|Any CPU.ActiveCfg = Debug|Any CPU
		{7B63B814-2974-425E-9CAC-821B54F85603}.Debug|Any CPU.Build.0 = Debug|Any CPU
		{7B63B814-2974-425E-9CAC-821B54F85603}.Release|Any CPU.ActiveCfg = Release|Any CPU
		{7B63B814-2974-425E-9CAC-821B54F85603}.Release|Any CPU.Build.0 = Release|Any CPU
		{98D7740A-172C-4025-9953-E7323652FD47}.Debug|Any CPU.ActiveCfg = Debug|Any CPU
		{98D7740A-172C-4025-9953-E7323652FD47}.Debug|Any CPU.Build.0 = Debug|Any CPU
		{98D7740A-172C-4025-9953-E7323652FD47}.Release|Any CPU.ActiveCfg = Release|Any CPU
		{98D7740A-172C-4025-9953-E7323652FD47}.Release|Any CPU.Build.0 = Release|Any CPU
	EndGlobalSection
	GlobalSection(SolutionProperties) = preSolution
		HideSolutionNode = FALSE
	EndGlobalSection
	GlobalSection(NestedProjects) = preSolution
		{A78B2AEE-1070-4096-8DF3-46338573F665} = {4AF8C2FC-EAB8-4DBF-845C-22A031F8743D}
		{CF5D3117-D883-4D75-9596-02F2D4130635} = {4AF8C2FC-EAB8-4DBF-845C-22A031F8743D}
		{FE536675-AB91-45AE-A730-56F9F7C58BAD} = {ED738CD2-B4D8-491E-AA39-75F312DDB7A7}
		{6BFE44DA-4F46-4AE0-BD5F-056508C745DA} = {ED738CD2-B4D8-491E-AA39-75F312DDB7A7}
		{ED738CD2-B4D8-491E-AA39-75F312DDB7A7} = {090F2AA1-F90B-4085-8D51-FDDF1C1368B2}
		{5C5540F1-47D3-4224-A8D8-B2726E3ADC40} = {090F2AA1-F90B-4085-8D51-FDDF1C1368B2}
		{CA8894F4-5F94-49A6-8CB0-891676082FA1} = {5C5540F1-47D3-4224-A8D8-B2726E3ADC40}
		{A7EE83A6-645E-4A8F-89DC-C22D578E9260} = {5C5540F1-47D3-4224-A8D8-B2726E3ADC40}
		{7A87690E-F57F-475F-BE3C-EF79AA582ECA} = {090F2AA1-F90B-4085-8D51-FDDF1C1368B2}
		{A1C08E7A-1C70-474D-99E8-839F28819305} = {7A87690E-F57F-475F-BE3C-EF79AA582ECA}
		{2DD95F2C-92BC-43DD-B2DD-C6A6286BF25F} = {7A87690E-F57F-475F-BE3C-EF79AA582ECA}
		{C0A1CFF7-A467-4964-BD5E-F322086925C8} = {090F2AA1-F90B-4085-8D51-FDDF1C1368B2}
		{7B63B814-2974-425E-9CAC-821B54F85603} = {C0A1CFF7-A467-4964-BD5E-F322086925C8}
		{98D7740A-172C-4025-9953-E7323652FD47} = {C0A1CFF7-A467-4964-BD5E-F322086925C8}
	EndGlobalSection
	GlobalSection(ExtensibilityGlobals) = postSolution
		SolutionGuid = {29798DF9-A3DD-446D-B8BA-CBC82267E63A}
	EndGlobalSection
EndGlobal
