
Microsoft Visual Studio Solution File, Format Version 12.00
# Visual Studio Version 16
VisualStudioVersion = 16.0.29025.244
MinimumVisualStudioVersion = 10.0.40219.1
Project("{9A19103F-16F7-4668-BE54-9A1E7A4F7556}") = "Shapes", "Shapes\Shapes.csproj", "{B0952C74-9597-4836-B917-853BE14BDD58}"
EndProject
Project("{FAE04EC0-301F-11D3-BF4B-00C04F79EFBC}") = "Cars", "Cars\Cars.csproj", "{3E903212-1467-4E63-953F-D9E84712AC42}"
EndProject
Project("{FAE04EC0-301F-11D3-BF4B-00C04F79EFBC}") = "Define An Interface IPerson", "Define An Interface IPerson\Define An Interface IPerson.csproj", "{C06961B3-CE21-4F4D-AC9B-B7B7EDED4D1C}"
EndProject
Global
	GlobalSection(SolutionConfigurationPlatforms) = preSolution
		Debug|Any CPU = Debug|Any CPU
		Release|Any CPU = Release|Any CPU
	EndGlobalSection
	GlobalSection(ProjectConfigurationPlatforms) = postSolution
		{B0952C74-9597-4836-B917-853BE14BDD58}.Debug|Any CPU.ActiveCfg = Debug|Any CPU
		{B0952C74-9597-4836-B917-853BE14BDD58}.Debug|Any CPU.Build.0 = Debug|Any CPU
		{B0952C74-9597-4836-B917-853BE14BDD58}.Release|Any CPU.ActiveCfg = Release|Any CPU
		{B0952C74-9597-4836-B917-853BE14BDD58}.Release|Any CPU.Build.0 = Release|Any CPU
		{3E903212-1467-4E63-953F-D9E84712AC42}.Debug|Any CPU.ActiveCfg = Debug|Any CPU
		{3E903212-1467-4E63-953F-D9E84712AC42}.Debug|Any CPU.Build.0 = Debug|Any CPU
		{3E903212-1467-4E63-953F-D9E84712AC42}.Release|Any CPU.ActiveCfg = Release|Any CPU
		{3E903212-1467-4E63-953F-D9E84712AC42}.Release|Any CPU.Build.0 = Release|Any CPU
		{C06961B3-CE21-4F4D-AC9B-B7B7EDED4D1C}.Debug|Any CPU.ActiveCfg = Debug|Any CPU
		{C06961B3-CE21-4F4D-AC9B-B7B7EDED4D1C}.Debug|Any CPU.Build.0 = Debug|Any CPU
		{C06961B3-CE21-4F4D-AC9B-B7B7EDED4D1C}.Release|Any CPU.ActiveCfg = Release|Any CPU
		{C06961B3-CE21-4F4D-AC9B-B7B7EDED4D1C}.Release|Any CPU.Build.0 = Release|Any CPU
	EndGlobalSection
	GlobalSection(SolutionProperties) = preSolution
		HideSolutionNode = FALSE
	EndGlobalSection
	GlobalSection(ExtensibilityGlobals) = postSolution
		SolutionGuid = {BB71164F-3E30-4F57-8984-FDE52CB931AD}
	EndGlobalSection
EndGlobal
