
Microsoft Visual Studio Solution File, Format Version 12.00
# Visual Studio Version 16
VisualStudioVersion = 16.0.28803.156
MinimumVisualStudioVersion = 10.0.40219.1
Project("{FAE04EC0-301F-11D3-BF4B-00C04F79EFBC}") = "On the Way to Annapurna", "On the Way to Annapurna\On the Way to Annapurna.csproj", "{AAF59A2E-B97C-41FC-BEF6-34BE5898DB47}"
EndProject
Project("{FAE04EC0-301F-11D3-BF4B-00C04F79EFBC}") = "Arriving in Kathmandu", "Arriving in Kathmandu\Arriving in Kathmandu.csproj", "{6E7FC582-7133-44FB-9318-CF900D9731B8}"
EndProject
Global
	GlobalSection(SolutionConfigurationPlatforms) = preSolution
		Debug|Any CPU = Debug|Any CPU
		Release|Any CPU = Release|Any CPU
	EndGlobalSection
	GlobalSection(ProjectConfigurationPlatforms) = postSolution
		{AAF59A2E-B97C-41FC-BEF6-34BE5898DB47}.Debug|Any CPU.ActiveCfg = Debug|Any CPU
		{AAF59A2E-B97C-41FC-BEF6-34BE5898DB47}.Debug|Any CPU.Build.0 = Debug|Any CPU
		{AAF59A2E-B97C-41FC-BEF6-34BE5898DB47}.Release|Any CPU.ActiveCfg = Release|Any CPU
		{AAF59A2E-B97C-41FC-BEF6-34BE5898DB47}.Release|Any CPU.Build.0 = Release|Any CPU
		{6E7FC582-7133-44FB-9318-CF900D9731B8}.Debug|Any CPU.ActiveCfg = Debug|Any CPU
		{6E7FC582-7133-44FB-9318-CF900D9731B8}.Debug|Any CPU.Build.0 = Debug|Any CPU
		{6E7FC582-7133-44FB-9318-CF900D9731B8}.Release|Any CPU.ActiveCfg = Release|Any CPU
		{6E7FC582-7133-44FB-9318-CF900D9731B8}.Release|Any CPU.Build.0 = Release|Any CPU
	EndGlobalSection
	GlobalSection(SolutionProperties) = preSolution
		HideSolutionNode = FALSE
	EndGlobalSection
	GlobalSection(ExtensibilityGlobals) = postSolution
		SolutionGuid = {02295D97-2BF7-42F2-B7D7-4500C42DEC0A}
	EndGlobalSection
EndGlobal
