
Microsoft Visual Studio Solution File, Format Version 12.00
# Visual Studio Version 16
VisualStudioVersion = 16.0.29102.190
MinimumVisualStudioVersion = 10.0.40219.1
Project("{9A19103F-16F7-4668-BE54-9A1E7A4F7556}") = "MortalEngines", "Structure\MortalEngines.csproj", "{DD32A743-8D6F-43D1-99B5-E6755838A37C}"
EndProject
Global
	GlobalSection(SolutionConfigurationPlatforms) = preSolution
		Debug|Any CPU = Debug|Any CPU
		Release|Any CPU = Release|Any CPU
	EndGlobalSection
	GlobalSection(ProjectConfigurationPlatforms) = postSolution
		{DD32A743-8D6F-43D1-99B5-E6755838A37C}.Debug|Any CPU.ActiveCfg = Debug|Any CPU
		{DD32A743-8D6F-43D1-99B5-E6755838A37C}.Debug|Any CPU.Build.0 = Debug|Any CPU
		{DD32A743-8D6F-43D1-99B5-E6755838A37C}.Release|Any CPU.ActiveCfg = Release|Any CPU
		{DD32A743-8D6F-43D1-99B5-E6755838A37C}.Release|Any CPU.Build.0 = Release|Any CPU
	EndGlobalSection
	GlobalSection(SolutionProperties) = preSolution
		HideSolutionNode = FALSE
	EndGlobalSection
	GlobalSection(ExtensibilityGlobals) = postSolution
		SolutionGuid = {9A462945-C506-4EC3-AB89-7C2CAC319A07}
	EndGlobalSection
EndGlobal
