
Microsoft Visual Studio Solution File, Format Version 12.00
# Visual Studio Version 16
VisualStudioVersion = 16.0.29123.88
MinimumVisualStudioVersion = 10.0.40219.1
Project("{2150E333-8FDC-42A3-9474-1A3956D46DE8}") = "Structure", "Structure", "{6F44A2E1-63A0-447C-A6C8-4482B9F08D1E}"
EndProject
Project("{2150E333-8FDC-42A3-9474-1A3956D46DE8}") = "Business Logic", "Business Logic", "{14A838C5-72C1-4FFF-995A-437463BC205F}"
EndProject
Project("{2150E333-8FDC-42A3-9474-1A3956D46DE8}") = "IO", "IO", "{54CFC131-96AC-48B1-836D-4A25D122A951}"
EndProject
Project("{9A19103F-16F7-4668-BE54-9A1E7A4F7556}") = "SoftUniRestaurant", "Structure\SoftUniRestaurant\SoftUniRestaurant.csproj", "{D42985A9-8575-498E-AFBF-449373F93C5D}"
EndProject
Project("{9A19103F-16F7-4668-BE54-9A1E7A4F7556}") = "SoftUniRestaurant", "Business Logic\SoftUniRestaurant\SoftUniRestaurant.csproj", "{0B122DA7-E857-402C-AD82-E5DCC1711A7D}"
EndProject
Project("{9A19103F-16F7-4668-BE54-9A1E7A4F7556}") = "SoftUniRestaurant", "IO\SoftUniRestaurant\SoftUniRestaurant.csproj", "{0894E719-2848-4E1E-A7D4-4E9F5443AF08}"
EndProject
Global
	GlobalSection(SolutionConfigurationPlatforms) = preSolution
		Debug|Any CPU = Debug|Any CPU
		Release|Any CPU = Release|Any CPU
	EndGlobalSection
	GlobalSection(ProjectConfigurationPlatforms) = postSolution
		{D42985A9-8575-498E-AFBF-449373F93C5D}.Debug|Any CPU.ActiveCfg = Debug|Any CPU
		{D42985A9-8575-498E-AFBF-449373F93C5D}.Debug|Any CPU.Build.0 = Debug|Any CPU
		{D42985A9-8575-498E-AFBF-449373F93C5D}.Release|Any CPU.ActiveCfg = Release|Any CPU
		{D42985A9-8575-498E-AFBF-449373F93C5D}.Release|Any CPU.Build.0 = Release|Any CPU
		{0B122DA7-E857-402C-AD82-E5DCC1711A7D}.Debug|Any CPU.ActiveCfg = Debug|Any CPU
		{0B122DA7-E857-402C-AD82-E5DCC1711A7D}.Debug|Any CPU.Build.0 = Debug|Any CPU
		{0B122DA7-E857-402C-AD82-E5DCC1711A7D}.Release|Any CPU.ActiveCfg = Release|Any CPU
		{0B122DA7-E857-402C-AD82-E5DCC1711A7D}.Release|Any CPU.Build.0 = Release|Any CPU
		{0894E719-2848-4E1E-A7D4-4E9F5443AF08}.Debug|Any CPU.ActiveCfg = Debug|Any CPU
		{0894E719-2848-4E1E-A7D4-4E9F5443AF08}.Debug|Any CPU.Build.0 = Debug|Any CPU
		{0894E719-2848-4E1E-A7D4-4E9F5443AF08}.Release|Any CPU.ActiveCfg = Release|Any CPU
		{0894E719-2848-4E1E-A7D4-4E9F5443AF08}.Release|Any CPU.Build.0 = Release|Any CPU
	EndGlobalSection
	GlobalSection(SolutionProperties) = preSolution
		HideSolutionNode = FALSE
	EndGlobalSection
	GlobalSection(NestedProjects) = preSolution
		{D42985A9-8575-498E-AFBF-449373F93C5D} = {6F44A2E1-63A0-447C-A6C8-4482B9F08D1E}
		{0B122DA7-E857-402C-AD82-E5DCC1711A7D} = {14A838C5-72C1-4FFF-995A-437463BC205F}
		{0894E719-2848-4E1E-A7D4-4E9F5443AF08} = {54CFC131-96AC-48B1-836D-4A25D122A951}
	EndGlobalSection
	GlobalSection(ExtensibilityGlobals) = postSolution
		SolutionGuid = {134D06A4-6FB5-4EFC-ACB3-5C08E256E629}
	EndGlobalSection
EndGlobal
